PODS:
  - Flutter (1.0.0)
  - flutter_kbz_pay (0.0.1):
    - Flutter

DEPENDENCIES:
  - Flutter (from `Flutter`)
  - flutter_kbz_pay (from `.symlinks/plugins/flutter_kbz_pay/ios`)

EXTERNAL SOURCES:
  Flutter:
    :path: Flutter
  flutter_kbz_pay:
    :path: ".symlinks/plugins/flutter_kbz_pay/ios"

SPEC CHECKSUMS:
  Flutter: 434fef37c0980e73bb6479ef766c45957d4b510c
  flutter_kbz_pay: 3fc031399fa18903feaba59da3cc68aac99faa06

PODFILE CHECKSUM: aafe91acc616949ddb318b77800a7f51bffa2a4c

COCOAPODS: 1.11.2
